
Microsoft Visual Studio Solution File, Format Version 12.00
# Visual Studio Version 17
VisualStudioVersion = 17.11.35303.130
MinimumVisualStudioVersion = 10.0.40219.1
Project("{2150E333-8FDC-42A3-9474-1A3956D46DE8}") = "Task0", "Task0", "{B1BA6CDC-F2B5-4D04-B666-7C911F255480}"
EndProject
Project("{FAE04EC0-301F-11D3-BF4B-00C04F79EFBC}") = "Tyuiu.BabaiKV.Sprint0.Task0.V0", "Tyuiu.BabaiKV.Sprint0.Task0.V0\Tyuiu.BabaiKV.Sprint0.Task0.V0.csproj", "{02B6754F-B942-4A81-A1F3-1CD2FB0305A1}"
EndProject
Global
	GlobalSection(SolutionConfigurationPlatforms) = preSolution
		Debug|Any CPU = Debug|Any CPU
		Release|Any CPU = Release|Any CPU
	EndGlobalSection
	GlobalSection(ProjectConfigurationPlatforms) = postSolution
		{02B6754F-B942-4A81-A1F3-1CD2FB0305A1}.Debug|Any CPU.ActiveCfg = Debug|Any CPU
		{02B6754F-B942-4A81-A1F3-1CD2FB0305A1}.Debug|Any CPU.Build.0 = Debug|Any CPU
		{02B6754F-B942-4A81-A1F3-1CD2FB0305A1}.Release|Any CPU.ActiveCfg = Release|Any CPU
		{02B6754F-B942-4A81-A1F3-1CD2FB0305A1}.Release|Any CPU.Build.0 = Release|Any CPU
	EndGlobalSection
	GlobalSection(SolutionProperties) = preSolution
		HideSolutionNode = FALSE
	EndGlobalSection
	GlobalSection(NestedProjects) = preSolution
		{02B6754F-B942-4A81-A1F3-1CD2FB0305A1} = {B1BA6CDC-F2B5-4D04-B666-7C911F255480}
	EndGlobalSection
	GlobalSection(ExtensibilityGlobals) = postSolution
		SolutionGuid = {25D16706-8B79-4E79-928D-CA9F773AF34E}
	EndGlobalSection
EndGlobal
